{
  "name": "@itslanguage/recorder",
  "version": "6.0.0",
  "lockfileVersion": 1,
  "requires": true,
  "dependencies": {
    "@babel/runtime": {
      "version": "7.14.0",
      "resolved": "https://registry.npmjs.org/@babel/runtime/-/runtime-7.14.0.tgz",
      "integrity": "sha512-JELkvo/DlpNdJ7dlyw/eY7E0suy5i5GQH+Vlxaq1nsNJ+H7f4Vtv3jMeCEgRhZZQFXTjldYfQgv2qmM6M1v5wA==",
      "requires": {
        "regenerator-runtime": "^0.13.4"
      }
    },
    "automation-events": {
      "version": "4.0.0",
      "resolved": "https://registry.npmjs.org/automation-events/-/automation-events-4.0.0.tgz",
      "integrity": "sha512-DcS6qMkMFlh5ebcJG8/fbVDOC8iyXiltVWk1lBzjmwmpFIvc4eoF2fzSlYoMuBKUI+Adx2NNNKIHO1mHlr3XiA==",
      "requires": {
        "@babel/runtime": "^7.14.0",
        "tslib": "^2.2.0"
      }
    },
    "broker-factory": {
      "version": "3.0.45",
      "resolved": "https://registry.npmjs.org/broker-factory/-/broker-factory-3.0.45.tgz",
      "integrity": "sha512-7Ne7E/v9sGPGYn3ejciq8mzUwZa1G+BzZgVdHDNpjwUei0BADKq8ndsYtQlNbdmPTk9aZvwvEQvNLmGOKeHH3w==",
      "requires": {
        "@babel/runtime": "^7.14.0",
        "fast-unique-numbers": "^6.0.0",
        "tslib": "^2.2.0",
        "worker-factory": "^6.0.43"
      }
    },
    "compilerr": {
      "version": "9.0.0",
      "resolved": "https://registry.npmjs.org/compilerr/-/compilerr-9.0.0.tgz",
      "integrity": "sha512-4+3LQbGx7iP4Srx/dnDILIfVX8BxNXV8zXlg7MTw5NPXIDkuzeD3zmg83D0ej98NnjpbSjAE0sHF8cpVO/5cbg==",
      "requires": {
        "@babel/runtime": "^7.14.0",
        "dashify": "^2.0.0",
        "indefinite-article": "0.0.2",
        "tslib": "^2.2.0"
      }
    },
    "dashify": {
      "version": "2.0.0",
      "resolved": "https://registry.npmjs.org/dashify/-/dashify-2.0.0.tgz",
      "integrity": "sha512-hpA5C/YrPjucXypHPPc0oJ1l9Hf6wWbiOL7Ik42cxnsUOhWiCB/fylKbKqqJalW9FgkNQCw16YO8uW9Hs0Iy1A=="
    },
    "debug": {
      "version": "4.1.1",
      "resolved": "https://registry.npmjs.org/debug/-/debug-4.1.1.tgz",
      "integrity": "sha512-pYAIzeRo8J6KPEaJ0VWOh5Pzkbw/RetuzehGM7QRRX5he4fPHx2rdKMB256ehJCkX+XRQm16eZLqLNS8RSZXZw==",
      "requires": {
        "ms": "^2.1.1"
      }
    },
    "extendable-media-recorder": {
      "version": "6.2.0",
      "resolved": "https://registry.npmjs.org/extendable-media-recorder/-/extendable-media-recorder-6.2.0.tgz",
      "integrity": "sha512-UdM6Rgg7FPWyuSK7zct6yAJ4sFQ8q4jwsxg4g+8ZJ+iF1rPmaU1Eqmq4Akm3jayBir4/zstweQA0f8Ougmxt/w==",
      "requires": {
        "@babel/runtime": "^7.14.0",
        "media-encoder-host": "^8.0.53",
        "multi-buffer-data-view": "^3.0.0",
        "recorder-audio-worklet": "^5.0.71",
        "standardized-audio-context": "^25.2.1",
        "subscribable-things": "^1.11.15",
        "tslib": "^2.2.0"
      }
    },
    "extendable-media-recorder-wav-encoder": {
      "version": "7.0.53",
      "resolved": "https://registry.npmjs.org/extendable-media-recorder-wav-encoder/-/extendable-media-recorder-wav-encoder-7.0.53.tgz",
      "integrity": "sha512-13IMk1qOuAVtKeSDA879YigS074LzT2HhpT8LWatBDxMZeawl8QQqd1lOwvBWlo8Nyf0e+fQknL9XqUWDqutUA==",
      "requires": {
        "@babel/runtime": "^7.14.0",
        "extendable-media-recorder-wav-encoder-broker": "^7.0.46",
        "extendable-media-recorder-wav-encoder-worker": "^8.0.45",
        "tslib": "^2.2.0"
      }
    },
    "extendable-media-recorder-wav-encoder-broker": {
      "version": "7.0.46",
      "resolved": "https://registry.npmjs.org/extendable-media-recorder-wav-encoder-broker/-/extendable-media-recorder-wav-encoder-broker-7.0.46.tgz",
      "integrity": "sha512-KIPccnz9cQ6wkCp64m8QnQUoUFectysFjer3v3GEihFC8g17JVDBaEnoZKpVUD1jyTkHI2lX/NiUHfrjYa/tdw==",
      "requires": {
        "@babel/runtime": "^7.14.0",
        "broker-factory": "^3.0.45",
        "extendable-media-recorder-wav-encoder-worker": "^8.0.45",
        "tslib": "^2.2.0"
      }
    },
    "extendable-media-recorder-wav-encoder-worker": {
      "version": "8.0.45",
      "resolved": "https://registry.npmjs.org/extendable-media-recorder-wav-encoder-worker/-/extendable-media-recorder-wav-encoder-worker-8.0.45.tgz",
      "integrity": "sha512-lTyN1PlI9qM5DRI4HZm6mfjEdf5lAB8VB7dnLZ3r+zxhSeDKI3d5RY/I3kPHFLL7Ecb1DTr+8u/sSRMcE+SACQ==",
      "requires": {
        "@babel/runtime": "^7.14.0",
        "tslib": "^2.2.0",
        "worker-factory": "^6.0.43"
      }
    },
    "fast-unique-numbers": {
      "version": "6.0.0",
      "resolved": "https://registry.npmjs.org/fast-unique-numbers/-/fast-unique-numbers-6.0.0.tgz",
      "integrity": "sha512-+2Lyhtx2xTjq5h7SkgWweS5W+YQ90PGYQklj4KGifntEjS1suNzcx/72VzdqbMzLqtENRjX0YWac561aQnxZxg==",
      "requires": {
        "@babel/runtime": "^7.14.0",
        "tslib": "^2.2.0"
      }
    },
    "indefinite-article": {
      "version": "0.0.2",
      "resolved": "https://registry.npmjs.org/indefinite-article/-/indefinite-article-0.0.2.tgz",
      "integrity": "sha1-S8hVJXBmz6th6mi+unXRANbiUGs="
    },
    "media-encoder-host": {
      "version": "8.0.53",
      "resolved": "https://registry.npmjs.org/media-encoder-host/-/media-encoder-host-8.0.53.tgz",
      "integrity": "sha512-si7wpfqO7BUnDoI1YT36kfeTe+qcy9Lylj++CNGx7+VPiR+44vbtiVDv9v1BbpmO2lvSzY1kvKQDrKPpjjuTUQ==",
      "requires": {
        "@babel/runtime": "^7.14.0",
        "media-encoder-host-broker": "^7.0.46",
        "media-encoder-host-worker": "^9.0.47",
        "tslib": "^2.2.0"
      }
    },
    "media-encoder-host-broker": {
      "version": "7.0.46",
      "resolved": "https://registry.npmjs.org/media-encoder-host-broker/-/media-encoder-host-broker-7.0.46.tgz",
      "integrity": "sha512-eCtz5nCJ3tW/6rja3PsTZEfRlNEEFKfP0d+ZpaYhrBbFYRri4amsfuOEwx8HIZ+GTYMNCv9iHuZGjBHrlyRCAQ==",
      "requires": {
        "@babel/runtime": "^7.14.0",
        "broker-factory": "^3.0.45",
        "fast-unique-numbers": "^6.0.0",
        "media-encoder-host-worker": "^9.0.47",
        "tslib": "^2.2.0"
      }
    },
    "media-encoder-host-worker": {
      "version": "9.0.47",
      "resolved": "https://registry.npmjs.org/media-encoder-host-worker/-/media-encoder-host-worker-9.0.47.tgz",
      "integrity": "sha512-oO/+ab3nUk3G5QKWw2a9/zc8KSJz872TAywpS5JyP+34jy4PMRjxjVDOLpVX8FH2temcDnWyy24onRY7vYgqDA==",
      "requires": {
        "@babel/runtime": "^7.14.0",
        "extendable-media-recorder-wav-encoder-broker": "^7.0.46",
        "tslib": "^2.2.0",
        "worker-factory": "^6.0.43"
      }
    },
    "ms": {
      "version": "2.1.3",
      "resolved": "https://registry.npmjs.org/ms/-/ms-2.1.3.tgz",
      "integrity": "sha512-6FlzubTLZG3J2a/NVCAleEhjzq5oxgHyaCU9yYXvcLsvoVaHJq/s5xXI6/XXP6tz7R9xAOtHnSO/tXtF3WRTlA=="
    },
    "multi-buffer-data-view": {
      "version": "3.0.0",
      "resolved": "https://registry.npmjs.org/multi-buffer-data-view/-/multi-buffer-data-view-3.0.0.tgz",
      "integrity": "sha512-8N8yn0eLIT2G2QZLqJ8Q0omBHB9Nvth+Zp58oGgdjdSL8ZBUxppuWC+njgb8p0BpYNiurYKbxYbzFheb1xuN3w==",
      "requires": {
        "@babel/runtime": "^7.14.0",
        "tslib": "^2.2.0"
      }
    },
    "recorder-audio-worklet": {
      "version": "5.0.71",
      "resolved": "https://registry.npmjs.org/recorder-audio-worklet/-/recorder-audio-worklet-5.0.71.tgz",
      "integrity": "sha512-MmTsxNlXuERksMaQpYV342lF7SrFYkYZV8iETg6CNRkJ82LAsZXsc5nIHy91w0cmlunfxcIX6yj7G8wf1mNrhA==",
      "requires": {
        "@babel/runtime": "^7.14.0",
        "broker-factory": "^3.0.45",
        "fast-unique-numbers": "^6.0.0",
        "recorder-audio-worklet-processor": "^4.1.1",
        "standardized-audio-context": "^25.2.1",
        "tslib": "^2.2.0",
        "worker-factory": "^6.0.43"
      }
    },
    "recorder-audio-worklet-processor": {
      "version": "4.1.1",
      "resolved": "https://registry.npmjs.org/recorder-audio-worklet-processor/-/recorder-audio-worklet-processor-4.1.1.tgz",
      "integrity": "sha512-BSHCo6KP5sijNwLDZ05FmHO8pu6BIhdb0wGXtixnJjaBFIb+pfk7DwwuywS28dmRqKyU1v0IQUSfDn5paigwmA==",
      "requires": {
        "@babel/runtime": "^7.14.0",
        "tslib": "^2.2.0"
      }
    },
    "regenerator-runtime": {
      "version": "0.13.7",
      "resolved": "https://registry.npmjs.org/regenerator-runtime/-/regenerator-runtime-0.13.7.tgz",
      "integrity": "sha512-a54FxoJDIr27pgf7IgeQGxmqUNYrcV338lf/6gH456HZ/PhX+5BcwHXG9ajESmwe6WRO0tAzRUrRmNONWgkrew=="
    },
    "rxjs-interop": {
      "version": "1.0.3",
      "resolved": "https://registry.npmjs.org/rxjs-interop/-/rxjs-interop-1.0.3.tgz",
      "integrity": "sha512-7IWg1E13Tn1vbjG7OftsiWlmSjDkb/FQD39Y8QZDg/OjjSP9KLPkQlyMBQvRFQzZoVZsc8+iknxw91GnKDcMdg=="
    },
    "standardized-audio-context": {
      "version": "25.2.1",
      "resolved": "https://registry.npmjs.org/standardized-audio-context/-/standardized-audio-context-25.2.1.tgz",
      "integrity": "sha512-s5N3EV5lHDCCruwGEGtcrLVGUzopAZb5PZ1GTjKSmYa00ZIJtJMc3D4x82hnB7v+X9huJQi1QA+10VCxMqi0pQ==",
      "requires": {
        "@babel/runtime": "^7.14.0",
        "automation-events": "^4.0.0",
        "tslib": "^2.2.0"
      }
    },
    "subscribable-things": {
      "version": "1.11.15",
      "resolved": "https://registry.npmjs.org/subscribable-things/-/subscribable-things-1.11.15.tgz",
      "integrity": "sha512-wwcQY9OlsRpgMEF0jBs3ysdvbX5LCQwQcpbhRguc8lRM/PUl4Ss81kFgAF+nt4d+nt4a1O0i+TgaX593PVWgRQ==",
      "requires": {
        "@babel/runtime": "^7.14.0",
        "rxjs-interop": "^1.0.3",
        "tslib": "^2.2.0"
      }
    },
    "tslib": {
      "version": "2.2.0",
      "resolved": "https://registry.npmjs.org/tslib/-/tslib-2.2.0.tgz",
      "integrity": "sha512-gS9GVHRU+RGn5KQM2rllAlR3dU6m7AcpJKdtH8gFvQiC4Otgk98XnmMU+nZenHt/+VhnBPWwgrJsyrdcw6i23w=="
    },
    "worker-factory": {
      "version": "6.0.43",
      "resolved": "https://registry.npmjs.org/worker-factory/-/worker-factory-6.0.43.tgz",
      "integrity": "sha512-4tsFKq51K97+BxHXpDQX7w9Q0dPetv0O6cq8m0NQ+CsWB9pYsQEYrcVHzeMVWolli7M4jFxFtgdlZbQ50t5VKA==",
      "requires": {
        "@babel/runtime": "^7.14.0",
        "compilerr": "^9.0.0",
        "fast-unique-numbers": "^6.0.0",
        "tslib": "^2.2.0"
      }
    }
  }
}
