{
  "name": "@itslanguage/recorder",
  "version": "6.0.1",
  "lockfileVersion": 1,
  "requires": true,
  "dependencies": {
    "@babel/runtime": {
      "version": "7.15.4",
      "resolved": "https://registry.npmjs.org/@babel/runtime/-/runtime-7.15.4.tgz",
      "integrity": "sha512-99catp6bHCaxr4sJ/DbTGgHS4+Rs2RVd2g7iOap6SLGPDknRK9ztKNsE/Fg6QhSeh1FGE5f6gHGQmvvn3I3xhw==",
      "requires": {
        "regenerator-runtime": "^0.13.4"
      }
    },
    "automation-events": {
      "version": "4.0.8",
      "resolved": "https://registry.npmjs.org/automation-events/-/automation-events-4.0.8.tgz",
      "integrity": "sha512-3T1RKbD8weDdNUp6WxaPJzN3jHXvHZirBaRyyw5b0pYqo8+jnXXCQMYuAC+2MpBXVcnZ5eXgty3Wy1XjgGY8Jg==",
      "requires": {
        "@babel/runtime": "^7.15.4",
        "tslib": "^2.3.1"
      }
    },
    "broker-factory": {
      "version": "3.0.53",
      "resolved": "https://registry.npmjs.org/broker-factory/-/broker-factory-3.0.53.tgz",
      "integrity": "sha512-SS7Cn40CXBH6Gu/burz/BUHMnVQAcWXqVI5GivZHqFR8FDbDWPu0IcmMmIoXzJ3VmvjZ5PCE+eGotomrgpiZ1g==",
      "requires": {
        "@babel/runtime": "^7.15.4",
        "fast-unique-numbers": "^6.0.7",
        "tslib": "^2.3.1",
        "worker-factory": "^6.0.53"
      }
    },
    "compilerr": {
      "version": "9.0.7",
      "resolved": "https://registry.npmjs.org/compilerr/-/compilerr-9.0.7.tgz",
      "integrity": "sha512-jKvrgqb61Dv750oPiURUZTq33n/nG+I8bFsFOu1QX0k+795obYEjp3U1OgHX5cFPmfEFBUaAAo3hlPHdv126Rg==",
      "requires": {
        "@babel/runtime": "^7.15.4",
        "dashify": "^2.0.0",
        "indefinite-article": "0.0.2",
        "tslib": "^2.3.1"
      }
    },
    "dashify": {
      "version": "2.0.0",
      "resolved": "https://registry.npmjs.org/dashify/-/dashify-2.0.0.tgz",
      "integrity": "sha512-hpA5C/YrPjucXypHPPc0oJ1l9Hf6wWbiOL7Ik42cxnsUOhWiCB/fylKbKqqJalW9FgkNQCw16YO8uW9Hs0Iy1A=="
    },
    "debug": {
      "version": "4.1.1",
      "resolved": "https://registry.npmjs.org/debug/-/debug-4.1.1.tgz",
      "integrity": "sha512-pYAIzeRo8J6KPEaJ0VWOh5Pzkbw/RetuzehGM7QRRX5he4fPHx2rdKMB256ehJCkX+XRQm16eZLqLNS8RSZXZw==",
      "requires": {
        "ms": "^2.1.1"
      }
    },
    "extendable-media-recorder": {
      "version": "6.5.8",
      "resolved": "https://registry.npmjs.org/extendable-media-recorder/-/extendable-media-recorder-6.5.8.tgz",
      "integrity": "sha512-7vx9Q0Hrk7HNkK6jZoM+irFdgVxgPfVsSZPOE5v1209P+6QJePjDJlCRfDWWM76iqbDrtwyccSNtRQSBXEW7ug==",
      "requires": {
        "@babel/runtime": "^7.15.4",
        "media-encoder-host": "^8.0.62",
        "multi-buffer-data-view": "^3.0.8",
        "recorder-audio-worklet": "^5.1.9",
        "standardized-audio-context": "^25.3.12",
        "subscribable-things": "^1.12.2",
        "tslib": "^2.3.1"
      }
    },
    "extendable-media-recorder-wav-encoder": {
      "version": "7.0.61",
      "resolved": "https://registry.npmjs.org/extendable-media-recorder-wav-encoder/-/extendable-media-recorder-wav-encoder-7.0.61.tgz",
      "integrity": "sha512-TkPUAwjcG43fynAxSpZrqQNyPRsIiO97iWrgnVFjnhA11gNg+yHL+wqdv94NjVOjYRLqBHRIxzlx9Tj1tXxy9Q==",
      "requires": {
        "@babel/runtime": "^7.15.4",
        "extendable-media-recorder-wav-encoder-broker": "^7.0.54",
        "extendable-media-recorder-wav-encoder-worker": "^8.0.53",
        "tslib": "^2.3.1"
      }
    },
    "extendable-media-recorder-wav-encoder-broker": {
      "version": "7.0.54",
      "resolved": "https://registry.npmjs.org/extendable-media-recorder-wav-encoder-broker/-/extendable-media-recorder-wav-encoder-broker-7.0.54.tgz",
      "integrity": "sha512-1o+MV+gEYtg8pgoEEgsszn1xs40kUZkr0oKSu9InUWqKeyzEqyymZvDkqCa2NoVcS8slB2JVp1vAVKSwD3uGeA==",
      "requires": {
        "@babel/runtime": "^7.15.4",
        "broker-factory": "^3.0.53",
        "extendable-media-recorder-wav-encoder-worker": "^8.0.53",
        "tslib": "^2.3.1"
      }
    },
    "extendable-media-recorder-wav-encoder-worker": {
      "version": "8.0.53",
      "resolved": "https://registry.npmjs.org/extendable-media-recorder-wav-encoder-worker/-/extendable-media-recorder-wav-encoder-worker-8.0.53.tgz",
      "integrity": "sha512-o4AWJCyxbi5E1lP26s2hLWab+1q1uebdn5WGw9Sy/tzInctGhIa1Wu2ZAzoMsDjpDPOJdj0g0UUjo6MwAR+POg==",
      "requires": {
        "@babel/runtime": "^7.15.4",
        "tslib": "^2.3.1",
        "worker-factory": "^6.0.53"
      }
    },
    "fast-unique-numbers": {
      "version": "6.0.7",
      "resolved": "https://registry.npmjs.org/fast-unique-numbers/-/fast-unique-numbers-6.0.7.tgz",
      "integrity": "sha512-hZRTy4/4M/oc8quHXpd03voJfEv6+uNBV+qK2aBIjIMbqLQgwhznFJHtt3uS62u3ZhxzvshAM8kmnJBKTZZwFw==",
      "requires": {
        "@babel/runtime": "^7.15.4",
        "tslib": "^2.3.1"
      }
    },
    "indefinite-article": {
      "version": "0.0.2",
      "resolved": "https://registry.npmjs.org/indefinite-article/-/indefinite-article-0.0.2.tgz",
      "integrity": "sha1-S8hVJXBmz6th6mi+unXRANbiUGs="
    },
    "media-encoder-host": {
      "version": "8.0.62",
      "resolved": "https://registry.npmjs.org/media-encoder-host/-/media-encoder-host-8.0.62.tgz",
      "integrity": "sha512-RPK7v7cIYG6xR+c38yeXRtcdi4Gd6Xr/996fgPdQQrcWdt/eUEHqV9R7HgGXPPMvxpAvUMv1DvgFDpa5SwEtJg==",
      "requires": {
        "@babel/runtime": "^7.15.4",
        "media-encoder-host-broker": "^7.0.54",
        "media-encoder-host-worker": "^9.0.55",
        "tslib": "^2.3.1"
      }
    },
    "media-encoder-host-broker": {
      "version": "7.0.54",
      "resolved": "https://registry.npmjs.org/media-encoder-host-broker/-/media-encoder-host-broker-7.0.54.tgz",
      "integrity": "sha512-i5T6/Q8tQBEeHD5bUn1q6orMRq0fkX9j5JFVJo0BxvZT5vbJRh4vSgmHgwGaUywd3lw4BPaPnqlZ4KiQ9OVWww==",
      "requires": {
        "@babel/runtime": "^7.15.4",
        "broker-factory": "^3.0.53",
        "fast-unique-numbers": "^6.0.7",
        "media-encoder-host-worker": "^9.0.55",
        "tslib": "^2.3.1"
      }
    },
    "media-encoder-host-worker": {
      "version": "9.0.55",
      "resolved": "https://registry.npmjs.org/media-encoder-host-worker/-/media-encoder-host-worker-9.0.55.tgz",
      "integrity": "sha512-znU84U29+Gg0uD/+LUYnQC+F6eA01njR4efvOCEqjMB+XIidW+5YJTmHHsHDh+c0/2KFTVqfdw4P5PNmcybvNA==",
      "requires": {
        "@babel/runtime": "^7.15.4",
        "extendable-media-recorder-wav-encoder-broker": "^7.0.54",
        "tslib": "^2.3.1",
        "worker-factory": "^6.0.53"
      }
    },
    "ms": {
      "version": "2.1.3",
      "resolved": "https://registry.npmjs.org/ms/-/ms-2.1.3.tgz",
      "integrity": "sha512-6FlzubTLZG3J2a/NVCAleEhjzq5oxgHyaCU9yYXvcLsvoVaHJq/s5xXI6/XXP6tz7R9xAOtHnSO/tXtF3WRTlA=="
    },
    "multi-buffer-data-view": {
      "version": "3.0.8",
      "resolved": "https://registry.npmjs.org/multi-buffer-data-view/-/multi-buffer-data-view-3.0.8.tgz",
      "integrity": "sha512-V/UYK/ZvWxnCp6sFS2XMu4JIjqJIB6PE+wzqB9IE7mWLYoos7KkD8gv8kDFxXJqdGyIEvw7E/fcdzn54YeqH0w==",
      "requires": {
        "@babel/runtime": "^7.15.4",
        "tslib": "^2.3.1"
      }
    },
    "recorder-audio-worklet": {
      "version": "5.1.9",
      "resolved": "https://registry.npmjs.org/recorder-audio-worklet/-/recorder-audio-worklet-5.1.9.tgz",
      "integrity": "sha512-rk/dw9MB3dTi9jMHz5lDQJMLX0fUVYcJfAxmEpQ/1jgLq2IS1a0cr1IOPQZJThvTFitXnjvyxrfP1NczuRuoKg==",
      "requires": {
        "@babel/runtime": "^7.15.4",
        "broker-factory": "^3.0.53",
        "fast-unique-numbers": "^6.0.7",
        "recorder-audio-worklet-processor": "^4.2.3",
        "standardized-audio-context": "^25.3.12",
        "subscribable-things": "^1.12.2",
        "tslib": "^2.3.1",
        "worker-factory": "^6.0.53"
      }
    },
    "recorder-audio-worklet-processor": {
      "version": "4.2.3",
      "resolved": "https://registry.npmjs.org/recorder-audio-worklet-processor/-/recorder-audio-worklet-processor-4.2.3.tgz",
      "integrity": "sha512-OcDrY2MQEncRoTDr4DtmSgAKASAuB+Z9dknVmAoO49DX0OP8qfUWHpgkuNywD+DzQMEEw1kjEpi8kTdnRxM3hQ==",
      "requires": {
        "@babel/runtime": "^7.15.4",
        "tslib": "^2.3.1"
      }
    },
    "regenerator-runtime": {
      "version": "0.13.9",
      "resolved": "https://registry.npmjs.org/regenerator-runtime/-/regenerator-runtime-0.13.9.tgz",
      "integrity": "sha512-p3VT+cOEgxFsRRA9X4lkI1E+k2/CtnKtU4gcxyaCUreilL/vqI6CdZ3wxVUx3UOUg+gnUOQQcRI7BmSI656MYA=="
    },
    "rxjs-interop": {
      "version": "1.0.3",
      "resolved": "https://registry.npmjs.org/rxjs-interop/-/rxjs-interop-1.0.3.tgz",
      "integrity": "sha512-7IWg1E13Tn1vbjG7OftsiWlmSjDkb/FQD39Y8QZDg/OjjSP9KLPkQlyMBQvRFQzZoVZsc8+iknxw91GnKDcMdg=="
    },
    "standardized-audio-context": {
      "version": "25.3.12",
      "resolved": "https://registry.npmjs.org/standardized-audio-context/-/standardized-audio-context-25.3.12.tgz",
      "integrity": "sha512-kwG9RZOJtcFnzFWbR/R4OYTZEovi4f/ZcAB7pGy+UMAzTcuflp067ik4EyOtwmmYy94SzZwGsYgqf9G6m0ZsmQ==",
      "requires": {
        "@babel/runtime": "^7.15.4",
        "automation-events": "^4.0.8",
        "tslib": "^2.3.1"
      }
    },
    "subscribable-things": {
      "version": "1.12.2",
      "resolved": "https://registry.npmjs.org/subscribable-things/-/subscribable-things-1.12.2.tgz",
      "integrity": "sha512-QwWeMmkcn5nvpapRECJo053UU0RUBlV4gdC8eK61HdpkULCADqcr7/cQvm3cyZyiB8ByJxKg5gzH3Yl0y1gjbQ==",
      "requires": {
        "@babel/runtime": "^7.15.4",
        "rxjs-interop": "^1.0.3",
        "tslib": "^2.3.1"
      }
    },
    "tslib": {
      "version": "2.3.1",
      "resolved": "https://registry.npmjs.org/tslib/-/tslib-2.3.1.tgz",
      "integrity": "sha512-77EbyPPpMz+FRFRuAFlWMtmgUWGe9UOG2Z25NqCwiIjRhOf5iKGuzSe5P2w1laq+FkRy4p+PCuVkJSGkzTEKVw=="
    },
    "worker-factory": {
      "version": "6.0.53",
      "resolved": "https://registry.npmjs.org/worker-factory/-/worker-factory-6.0.53.tgz",
      "integrity": "sha512-JtmEZaUSgJoyzzqrmV3LjAGlBNNV25NeSDJnWD9aJ6kVfBmaiuLlCIU8+moyQ4zlLyrDeWjERbr4Ux4sQyICYw==",
      "requires": {
        "@babel/runtime": "^7.15.4",
        "compilerr": "^9.0.7",
        "fast-unique-numbers": "^6.0.7",
        "tslib": "^2.3.1"
      }
    }
  }
}
